
Microsoft Visual Studio Solution File, Format Version 12.00
Project("{2150E333-8FDC-42A3-9474-1A3956D46DE8}") = "Solution Items", "Solution Items", "{EEEEEEEE-EEEE-EEEE-EEEE-EEEEEEEEEEEE}"
	ProjectSection(SolutionItems) = preProject
		.gitignore = .gitignore
		Changelog.md = Changelog.md
		Readme.md = Readme.md
		build\appsettings.json = build\appsettings.json
	EndProjectSection
EndProject
Project("{2150E333-8FDC-42A3-9474-1A3956D46DE8}") = "Automation", "Automation", "{FFFFFFFF-FFFF-FFFF-FFFF-FFFFFFFFFFFF}"
EndProject
Project("{832F14A8-B248-4DD8-8004-3DF028DBB372}") = "Build", "build\Build.csproj", "{3E95BF02-79C9-440B-A596-21A5E7246B75}"
EndProject
Project("{832F14A8-B248-4DD8-8004-3DF028DBB372}") = "Installer", "install\Installer.csproj", "{DA2F1078-D093-4D58-B1DE-85A4402E49FF}"
EndProject
Project("{FAE04EC0-301F-11D3-BF4B-00C04F79EFBC}") = "Pe.App", "source\Pe.App\Pe.App.csproj", "{EFCC5284-12BA-4925-84B9-5F74079FEE68}"
EndProject
Project("{FAE04EC0-301F-11D3-BF4B-00C04F79EFBC}") = "Pe.Ui", "source\Pe.Ui\Pe.Ui.csproj", "{59BCE206-C246-47EC-86D1-1DB889963B93}"
EndProject
Project("{FAE04EC0-301F-11D3-BF4B-00C04F79EFBC}") = "Pe.Extensions", "source\Pe.Extensions\Pe.Extensions.csproj", "{0D96AE1B-C8F6-48E4-9B9F-A00FD3819C9D}"
EndProject
Project("{FAE04EC0-301F-11D3-BF4B-00C04F79EFBC}") = "Pe.FamilyFoundry", "source\Pe.FamilyFoundry\Pe.FamilyFoundry.csproj", "{CF2F6E94-6B8C-4FB4-879E-5474BA8FF109}"
EndProject
Project("{FAE04EC0-301F-11D3-BF4B-00C04F79EFBC}") = "Pe.Global", "source\Pe.Global\Pe.Global.csproj", "{1F8551A2-B2DC-4374-A2B1-1923E09B20C6}"
EndProject
Global
	GlobalSection(SolutionConfigurationPlatforms) = preSolution
		Debug.R22|Any CPU = Debug.R22|Any CPU
		Debug.R23|Any CPU = Debug.R23|Any CPU
		Debug.R24|Any CPU = Debug.R24|Any CPU
		Debug.R25|Any CPU = Debug.R25|Any CPU
		Debug.R26|Any CPU = Debug.R26|Any CPU
		Release.R22|Any CPU = Release.R22|Any CPU
		Release.R23|Any CPU = Release.R23|Any CPU
		Release.R24|Any CPU = Release.R24|Any CPU
		Release.R25|Any CPU = Release.R25|Any CPU
		Release.R26|Any CPU = Release.R26|Any CPU
	EndGlobalSection
	GlobalSection(ProjectConfigurationPlatforms) = postSolution
		{3E95BF02-79C9-440B-A596-21A5E7246B75}.Debug.R22|Any CPU.ActiveCfg = Debug|Any CPU
		{3E95BF02-79C9-440B-A596-21A5E7246B75}.Debug.R23|Any CPU.ActiveCfg = Debug|Any CPU
		{3E95BF02-79C9-440B-A596-21A5E7246B75}.Debug.R24|Any CPU.ActiveCfg = Debug|Any CPU
		{3E95BF02-79C9-440B-A596-21A5E7246B75}.Debug.R25|Any CPU.ActiveCfg = Debug|Any CPU
		{3E95BF02-79C9-440B-A596-21A5E7246B75}.Debug.R26|Any CPU.ActiveCfg = Debug|Any CPU
		{3E95BF02-79C9-440B-A596-21A5E7246B75}.Release.R22|Any CPU.ActiveCfg = Release|Any CPU
		{3E95BF02-79C9-440B-A596-21A5E7246B75}.Release.R23|Any CPU.ActiveCfg = Release|Any CPU
		{3E95BF02-79C9-440B-A596-21A5E7246B75}.Release.R24|Any CPU.ActiveCfg = Release|Any CPU
		{3E95BF02-79C9-440B-A596-21A5E7246B75}.Release.R25|Any CPU.ActiveCfg = Release|Any CPU
		{3E95BF02-79C9-440B-A596-21A5E7246B75}.Release.R26|Any CPU.ActiveCfg = Release|Any CPU
		{DA2F1078-D093-4D58-B1DE-85A4402E49FF}.Debug.R22|Any CPU.ActiveCfg = Debug|Any CPU
		{DA2F1078-D093-4D58-B1DE-85A4402E49FF}.Debug.R23|Any CPU.ActiveCfg = Debug|Any CPU
		{DA2F1078-D093-4D58-B1DE-85A4402E49FF}.Debug.R24|Any CPU.ActiveCfg = Debug|Any CPU
		{DA2F1078-D093-4D58-B1DE-85A4402E49FF}.Debug.R25|Any CPU.ActiveCfg = Debug|Any CPU
		{DA2F1078-D093-4D58-B1DE-85A4402E49FF}.Debug.R26|Any CPU.ActiveCfg = Debug|Any CPU
		{DA2F1078-D093-4D58-B1DE-85A4402E49FF}.Release.R22|Any CPU.ActiveCfg = Release|Any CPU
		{DA2F1078-D093-4D58-B1DE-85A4402E49FF}.Release.R23|Any CPU.ActiveCfg = Release|Any CPU
		{DA2F1078-D093-4D58-B1DE-85A4402E49FF}.Release.R24|Any CPU.ActiveCfg = Release|Any CPU
		{DA2F1078-D093-4D58-B1DE-85A4402E49FF}.Release.R25|Any CPU.ActiveCfg = Release|Any CPU
		{DA2F1078-D093-4D58-B1DE-85A4402E49FF}.Release.R26|Any CPU.ActiveCfg = Release|Any CPU
		{EFCC5284-12BA-4925-84B9-5F74079FEE68}.Debug.R22|Any CPU.ActiveCfg = Debug.R22|Any CPU
		{EFCC5284-12BA-4925-84B9-5F74079FEE68}.Debug.R22|Any CPU.Build.0 = Debug.R22|Any CPU
		{EFCC5284-12BA-4925-84B9-5F74079FEE68}.Debug.R23|Any CPU.ActiveCfg = Debug.R23|Any CPU
		{EFCC5284-12BA-4925-84B9-5F74079FEE68}.Debug.R23|Any CPU.Build.0 = Debug.R23|Any CPU
		{EFCC5284-12BA-4925-84B9-5F74079FEE68}.Debug.R24|Any CPU.ActiveCfg = Debug.R24|Any CPU
		{EFCC5284-12BA-4925-84B9-5F74079FEE68}.Debug.R24|Any CPU.Build.0 = Debug.R24|Any CPU
		{EFCC5284-12BA-4925-84B9-5F74079FEE68}.Debug.R25|Any CPU.ActiveCfg = Debug.R25|Any CPU
		{EFCC5284-12BA-4925-84B9-5F74079FEE68}.Debug.R25|Any CPU.Build.0 = Debug.R25|Any CPU
		{EFCC5284-12BA-4925-84B9-5F74079FEE68}.Debug.R26|Any CPU.ActiveCfg = Debug.R26|Any CPU
		{EFCC5284-12BA-4925-84B9-5F74079FEE68}.Debug.R26|Any CPU.Build.0 = Debug.R26|Any CPU
		{EFCC5284-12BA-4925-84B9-5F74079FEE68}.Release.R22|Any CPU.ActiveCfg = Release.R22|Any CPU
		{EFCC5284-12BA-4925-84B9-5F74079FEE68}.Release.R22|Any CPU.Build.0 = Release.R22|Any CPU
		{EFCC5284-12BA-4925-84B9-5F74079FEE68}.Release.R23|Any CPU.ActiveCfg = Release.R23|Any CPU
		{EFCC5284-12BA-4925-84B9-5F74079FEE68}.Release.R23|Any CPU.Build.0 = Release.R23|Any CPU
		{EFCC5284-12BA-4925-84B9-5F74079FEE68}.Release.R24|Any CPU.ActiveCfg = Release.R24|Any CPU
		{EFCC5284-12BA-4925-84B9-5F74079FEE68}.Release.R24|Any CPU.Build.0 = Release.R24|Any CPU
		{EFCC5284-12BA-4925-84B9-5F74079FEE68}.Release.R25|Any CPU.ActiveCfg = Release.R25|Any CPU
		{EFCC5284-12BA-4925-84B9-5F74079FEE68}.Release.R25|Any CPU.Build.0 = Release.R25|Any CPU
		{EFCC5284-12BA-4925-84B9-5F74079FEE68}.Release.R26|Any CPU.ActiveCfg = Release.R26|Any CPU
		{EFCC5284-12BA-4925-84B9-5F74079FEE68}.Release.R26|Any CPU.Build.0 = Release.R26|Any CPU
		{59BCE206-C246-47EC-86D1-1DB889963B93}.Debug.R22|Any CPU.ActiveCfg = Debug.R22|Any CPU
		{59BCE206-C246-47EC-86D1-1DB889963B93}.Debug.R22|Any CPU.Build.0 = Debug.R22|Any CPU
		{59BCE206-C246-47EC-86D1-1DB889963B93}.Debug.R23|Any CPU.ActiveCfg = Debug.R23|Any CPU
		{59BCE206-C246-47EC-86D1-1DB889963B93}.Debug.R23|Any CPU.Build.0 = Debug.R23|Any CPU
		{59BCE206-C246-47EC-86D1-1DB889963B93}.Debug.R24|Any CPU.ActiveCfg = Debug.R24|Any CPU
		{59BCE206-C246-47EC-86D1-1DB889963B93}.Debug.R24|Any CPU.Build.0 = Debug.R24|Any CPU
		{59BCE206-C246-47EC-86D1-1DB889963B93}.Debug.R25|Any CPU.ActiveCfg = Debug.R25|Any CPU
		{59BCE206-C246-47EC-86D1-1DB889963B93}.Debug.R25|Any CPU.Build.0 = Debug.R25|Any CPU
		{59BCE206-C246-47EC-86D1-1DB889963B93}.Debug.R26|Any CPU.ActiveCfg = Debug.R26|Any CPU
		{59BCE206-C246-47EC-86D1-1DB889963B93}.Debug.R26|Any CPU.Build.0 = Debug.R26|Any CPU
		{59BCE206-C246-47EC-86D1-1DB889963B93}.Release.R22|Any CPU.ActiveCfg = Release.R22|Any CPU
		{59BCE206-C246-47EC-86D1-1DB889963B93}.Release.R22|Any CPU.Build.0 = Release.R22|Any CPU
		{59BCE206-C246-47EC-86D1-1DB889963B93}.Release.R23|Any CPU.ActiveCfg = Release.R23|Any CPU
		{59BCE206-C246-47EC-86D1-1DB889963B93}.Release.R23|Any CPU.Build.0 = Release.R23|Any CPU
		{59BCE206-C246-47EC-86D1-1DB889963B93}.Release.R24|Any CPU.ActiveCfg = Release.R24|Any CPU
		{59BCE206-C246-47EC-86D1-1DB889963B93}.Release.R24|Any CPU.Build.0 = Release.R24|Any CPU
		{59BCE206-C246-47EC-86D1-1DB889963B93}.Release.R25|Any CPU.ActiveCfg = Release.R25|Any CPU
		{59BCE206-C246-47EC-86D1-1DB889963B93}.Release.R25|Any CPU.Build.0 = Release.R25|Any CPU
		{59BCE206-C246-47EC-86D1-1DB889963B93}.Release.R26|Any CPU.ActiveCfg = Release.R26|Any CPU
		{59BCE206-C246-47EC-86D1-1DB889963B93}.Release.R26|Any CPU.Build.0 = Release.R26|Any CPU
		{0D96AE1B-C8F6-48E4-9B9F-A00FD3819C9D}.Debug.R22|Any CPU.ActiveCfg = Debug.R22|Any CPU
		{0D96AE1B-C8F6-48E4-9B9F-A00FD3819C9D}.Debug.R22|Any CPU.Build.0 = Debug.R22|Any CPU
		{0D96AE1B-C8F6-48E4-9B9F-A00FD3819C9D}.Debug.R23|Any CPU.ActiveCfg = Debug.R23|Any CPU
		{0D96AE1B-C8F6-48E4-9B9F-A00FD3819C9D}.Debug.R23|Any CPU.Build.0 = Debug.R23|Any CPU
		{0D96AE1B-C8F6-48E4-9B9F-A00FD3819C9D}.Debug.R24|Any CPU.ActiveCfg = Debug.R24|Any CPU
		{0D96AE1B-C8F6-48E4-9B9F-A00FD3819C9D}.Debug.R24|Any CPU.Build.0 = Debug.R24|Any CPU
		{0D96AE1B-C8F6-48E4-9B9F-A00FD3819C9D}.Debug.R25|Any CPU.ActiveCfg = Debug.R25|Any CPU
		{0D96AE1B-C8F6-48E4-9B9F-A00FD3819C9D}.Debug.R25|Any CPU.Build.0 = Debug.R25|Any CPU
		{0D96AE1B-C8F6-48E4-9B9F-A00FD3819C9D}.Debug.R26|Any CPU.ActiveCfg = Debug.R26|Any CPU
		{0D96AE1B-C8F6-48E4-9B9F-A00FD3819C9D}.Debug.R26|Any CPU.Build.0 = Debug.R26|Any CPU
		{0D96AE1B-C8F6-48E4-9B9F-A00FD3819C9D}.Release.R22|Any CPU.ActiveCfg = Release.R22|Any CPU
		{0D96AE1B-C8F6-48E4-9B9F-A00FD3819C9D}.Release.R22|Any CPU.Build.0 = Release.R22|Any CPU
		{0D96AE1B-C8F6-48E4-9B9F-A00FD3819C9D}.Release.R23|Any CPU.ActiveCfg = Release.R23|Any CPU
		{0D96AE1B-C8F6-48E4-9B9F-A00FD3819C9D}.Release.R23|Any CPU.Build.0 = Release.R23|Any CPU
		{0D96AE1B-C8F6-48E4-9B9F-A00FD3819C9D}.Release.R24|Any CPU.ActiveCfg = Release.R24|Any CPU
		{0D96AE1B-C8F6-48E4-9B9F-A00FD3819C9D}.Release.R24|Any CPU.Build.0 = Release.R24|Any CPU
		{0D96AE1B-C8F6-48E4-9B9F-A00FD3819C9D}.Release.R25|Any CPU.ActiveCfg = Release.R25|Any CPU
		{0D96AE1B-C8F6-48E4-9B9F-A00FD3819C9D}.Release.R25|Any CPU.Build.0 = Release.R25|Any CPU
		{0D96AE1B-C8F6-48E4-9B9F-A00FD3819C9D}.Release.R26|Any CPU.ActiveCfg = Release.R26|Any CPU
		{0D96AE1B-C8F6-48E4-9B9F-A00FD3819C9D}.Release.R26|Any CPU.Build.0 = Release.R26|Any CPU
		{CF2F6E94-6B8C-4FB4-879E-5474BA8FF109}.Debug.R22|Any CPU.ActiveCfg = Debug.R22|Any CPU
		{CF2F6E94-6B8C-4FB4-879E-5474BA8FF109}.Debug.R22|Any CPU.Build.0 = Debug.R22|Any CPU
		{CF2F6E94-6B8C-4FB4-879E-5474BA8FF109}.Debug.R23|Any CPU.ActiveCfg = Debug.R23|Any CPU
		{CF2F6E94-6B8C-4FB4-879E-5474BA8FF109}.Debug.R23|Any CPU.Build.0 = Debug.R23|Any CPU
		{CF2F6E94-6B8C-4FB4-879E-5474BA8FF109}.Debug.R24|Any CPU.ActiveCfg = Debug.R24|Any CPU
		{CF2F6E94-6B8C-4FB4-879E-5474BA8FF109}.Debug.R24|Any CPU.Build.0 = Debug.R24|Any CPU
		{CF2F6E94-6B8C-4FB4-879E-5474BA8FF109}.Debug.R25|Any CPU.ActiveCfg = Debug.R25|Any CPU
		{CF2F6E94-6B8C-4FB4-879E-5474BA8FF109}.Debug.R25|Any CPU.Build.0 = Debug.R25|Any CPU
		{CF2F6E94-6B8C-4FB4-879E-5474BA8FF109}.Debug.R26|Any CPU.ActiveCfg = Debug.R26|Any CPU
		{CF2F6E94-6B8C-4FB4-879E-5474BA8FF109}.Debug.R26|Any CPU.Build.0 = Debug.R26|Any CPU
		{CF2F6E94-6B8C-4FB4-879E-5474BA8FF109}.Release.R22|Any CPU.ActiveCfg = Release.R22|Any CPU
		{CF2F6E94-6B8C-4FB4-879E-5474BA8FF109}.Release.R22|Any CPU.Build.0 = Release.R22|Any CPU
		{CF2F6E94-6B8C-4FB4-879E-5474BA8FF109}.Release.R23|Any CPU.ActiveCfg = Release.R23|Any CPU
		{CF2F6E94-6B8C-4FB4-879E-5474BA8FF109}.Release.R23|Any CPU.Build.0 = Release.R23|Any CPU
		{CF2F6E94-6B8C-4FB4-879E-5474BA8FF109}.Release.R24|Any CPU.ActiveCfg = Release.R24|Any CPU
		{CF2F6E94-6B8C-4FB4-879E-5474BA8FF109}.Release.R24|Any CPU.Build.0 = Release.R24|Any CPU
		{CF2F6E94-6B8C-4FB4-879E-5474BA8FF109}.Release.R25|Any CPU.ActiveCfg = Release.R25|Any CPU
		{CF2F6E94-6B8C-4FB4-879E-5474BA8FF109}.Release.R25|Any CPU.Build.0 = Release.R25|Any CPU
		{CF2F6E94-6B8C-4FB4-879E-5474BA8FF109}.Release.R26|Any CPU.ActiveCfg = Release.R26|Any CPU
		{CF2F6E94-6B8C-4FB4-879E-5474BA8FF109}.Release.R26|Any CPU.Build.0 = Release.R26|Any CPU
		{1F8551A2-B2DC-4374-A2B1-1923E09B20C6}.Debug.R22|Any CPU.ActiveCfg = Debug.R22|Any CPU
		{1F8551A2-B2DC-4374-A2B1-1923E09B20C6}.Debug.R22|Any CPU.Build.0 = Debug.R22|Any CPU
		{1F8551A2-B2DC-4374-A2B1-1923E09B20C6}.Debug.R23|Any CPU.ActiveCfg = Debug.R23|Any CPU
		{1F8551A2-B2DC-4374-A2B1-1923E09B20C6}.Debug.R23|Any CPU.Build.0 = Debug.R23|Any CPU
		{1F8551A2-B2DC-4374-A2B1-1923E09B20C6}.Debug.R24|Any CPU.ActiveCfg = Debug.R24|Any CPU
		{1F8551A2-B2DC-4374-A2B1-1923E09B20C6}.Debug.R24|Any CPU.Build.0 = Debug.R24|Any CPU
		{1F8551A2-B2DC-4374-A2B1-1923E09B20C6}.Debug.R25|Any CPU.ActiveCfg = Debug.R25|Any CPU
		{1F8551A2-B2DC-4374-A2B1-1923E09B20C6}.Debug.R25|Any CPU.Build.0 = Debug.R25|Any CPU
		{1F8551A2-B2DC-4374-A2B1-1923E09B20C6}.Debug.R26|Any CPU.ActiveCfg = Debug.R26|Any CPU
		{1F8551A2-B2DC-4374-A2B1-1923E09B20C6}.Debug.R26|Any CPU.Build.0 = Debug.R26|Any CPU
		{1F8551A2-B2DC-4374-A2B1-1923E09B20C6}.Release.R22|Any CPU.ActiveCfg = Release.R22|Any CPU
		{1F8551A2-B2DC-4374-A2B1-1923E09B20C6}.Release.R22|Any CPU.Build.0 = Release.R22|Any CPU
		{1F8551A2-B2DC-4374-A2B1-1923E09B20C6}.Release.R23|Any CPU.ActiveCfg = Release.R23|Any CPU
		{1F8551A2-B2DC-4374-A2B1-1923E09B20C6}.Release.R23|Any CPU.Build.0 = Release.R23|Any CPU
		{1F8551A2-B2DC-4374-A2B1-1923E09B20C6}.Release.R24|Any CPU.ActiveCfg = Release.R24|Any CPU
		{1F8551A2-B2DC-4374-A2B1-1923E09B20C6}.Release.R24|Any CPU.Build.0 = Release.R24|Any CPU
		{1F8551A2-B2DC-4374-A2B1-1923E09B20C6}.Release.R25|Any CPU.ActiveCfg = Release.R25|Any CPU
		{1F8551A2-B2DC-4374-A2B1-1923E09B20C6}.Release.R25|Any CPU.Build.0 = Release.R25|Any CPU
		{1F8551A2-B2DC-4374-A2B1-1923E09B20C6}.Release.R26|Any CPU.ActiveCfg = Release.R26|Any CPU
		{1F8551A2-B2DC-4374-A2B1-1923E09B20C6}.Release.R26|Any CPU.Build.0 = Release.R26|Any CPU
	EndGlobalSection
	GlobalSection(NestedProjects) = preSolution
		{3E95BF02-79C9-440B-A596-21A5E7246B75} = {FFFFFFFF-FFFF-FFFF-FFFF-FFFFFFFFFFFF}
		{DA2F1078-D093-4D58-B1DE-85A4402E49FF} = {FFFFFFFF-FFFF-FFFF-FFFF-FFFFFFFFFFFF}
	EndGlobalSection
EndGlobal
